
Microsoft Visual Studio Solution File, Format Version 12.00
# Visual Studio Version 16
VisualStudioVersion = 16.0.29201.188
MinimumVisualStudioVersion = 10.0.40219.1
Project("{FAE04EC0-301F-11D3-BF4B-00C04F79EFBC}") = "AsyncAwait", "AsyncAwait\AsyncAwait.csproj", "{34AF337C-841B-40A0-A51B-E80E679D15AC}"
EndProject
Global
	GlobalSection(SolutionConfigurationPlatforms) = preSolution
		Debug|Any CPU = Debug|Any CPU
		Release|Any CPU = Release|Any CPU
	EndGlobalSection
	GlobalSection(ProjectConfigurationPlatforms) = postSolution
		{34AF337C-841B-40A0-A51B-E80E679D15AC}.Debug|Any CPU.ActiveCfg = Debug|Any CPU
		{34AF337C-841B-40A0-A51B-E80E679D15AC}.Debug|Any CPU.Build.0 = Debug|Any CPU
		{34AF337C-841B-40A0-A51B-E80E679D15AC}.Release|Any CPU.ActiveCfg = Release|Any CPU
		{34AF337C-841B-40A0-A51B-E80E679D15AC}.Release|Any CPU.Build.0 = Release|Any CPU
	EndGlobalSection
	GlobalSection(SolutionProperties) = preSolution
		HideSolutionNode = FALSE
	EndGlobalSection
	GlobalSection(ExtensibilityGlobals) = postSolution
		SolutionGuid = {68B92738-A04F-4825-A737-F03AD91DCF76}
	EndGlobalSection
EndGlobal
